# This file was autogenerated by Stack.
# You should not edit this file by hand.
# For more information, please see the documentation at:
#   https://docs.haskellstack.org/en/stable/lock_files

packages:
- completed:
    hackage: text-2.0.2@sha256:71b5fa8c64d3c1fd0a08f993463220867b08290a2256e94b0952bf0e8f5a45cc,9905
    pantry-tree:
      sha256: 25f3b6dd211e30f9e0ef5047bb9f30df7a9296cf1043873e31558196dfe78676
      size: 7514
  original:
    hackage: text-2.0.2
snapshots:
- completed:
    sha256: afd5ba64ab602cabc2d3942d3d7e7dd6311bc626dcb415b901eaf576cb62f0ea
    size: 640060
    url: https://raw.githubusercontent.com/commercialhaskell/stackage-snapshots/master/lts/21/22.yaml
  original:
    url: https://raw.githubusercontent.com/commercialhaskell/stackage-snapshots/master/lts/21/22.yaml
